
Microsoft Visual Studio Solution File, Format Version 12.00
Project("{FAE04EC0-301F-11D3-BF4B-00C04F79EFBC}") = "rabbit-chat", "rabbit-chat.csproj", "{FD80CA61-563C-45CB-BC51-59BA1E10DA0B}"
EndProject
Global
	GlobalSection(SolutionConfigurationPlatforms) = preSolution
		Debug|Any CPU = Debug|Any CPU
		Release|Any CPU = Release|Any CPU
	EndGlobalSection
	GlobalSection(ProjectConfigurationPlatforms) = postSolution
		{FD80CA61-563C-45CB-BC51-59BA1E10DA0B}.Debug|Any CPU.ActiveCfg = Debug|Any CPU
		{FD80CA61-563C-45CB-BC51-59BA1E10DA0B}.Debug|Any CPU.Build.0 = Debug|Any CPU
		{FD80CA61-563C-45CB-BC51-59BA1E10DA0B}.Release|Any CPU.ActiveCfg = Release|Any CPU
		{FD80CA61-563C-45CB-BC51-59BA1E10DA0B}.Release|Any CPU.Build.0 = Release|Any CPU
	EndGlobalSection
EndGlobal
